
Microsoft Visual Studio Solution File, Format Version 12.00
# Visual Studio Version 16
VisualStudioVersion = 16.0.31025.194
MinimumVisualStudioVersion = 10.0.40219.1
Project("{2150E333-8FDC-42A3-9474-1A3956D46DE8}") = "Api", "Api", "{F7EA9931-3CBD-46FC-9313-DEA5FD774C8D}"
EndProject
Project("{2150E333-8FDC-42A3-9474-1A3956D46DE8}") = "src", "src", "{81A182EF-E7C4-4824-9799-D40A7E3BA1AB}"
EndProject
Project("{9A19103F-16F7-4668-BE54-9A1E7A4F7556}") = "Api", "Api\Api.csproj", "{D5E70205-18C6-4D92-AC81-46FF3894BC90}"
EndProject
Project("{2150E333-8FDC-42A3-9474-1A3956D46DE8}") = "Services.PhoneBook", "Services.PhoneBook", "{2A5F5FA2-4FA8-4585-833E-760E6BC75D6C}"
EndProject
Project("{2150E333-8FDC-42A3-9474-1A3956D46DE8}") = "Services.Reporting", "Services.Reporting", "{9F538A98-65CF-405A-9775-AA84832A8E1F}"
EndProject
Project("{2150E333-8FDC-42A3-9474-1A3956D46DE8}") = "Shared", "Shared", "{694F9D36-8F8D-4134-97BD-356F7EF0C0F5}"
EndProject
Project("{2150E333-8FDC-42A3-9474-1A3956D46DE8}") = "src", "src", "{2DD361A7-E972-420E-8E1F-CD17B2DE2EC0}"
EndProject
Project("{2150E333-8FDC-42A3-9474-1A3956D46DE8}") = "src", "src", "{1778FF3F-7CCB-40CB-B64E-60E7E385C391}"
EndProject
Project("{9A19103F-16F7-4668-BE54-9A1E7A4F7556}") = "PhoneBook.Api", "PhoneBook.Api\PhoneBook.Api.csproj", "{80E10E3B-9D6B-4B3E-B368-750895A90973}"
EndProject
Project("{9A19103F-16F7-4668-BE54-9A1E7A4F7556}") = "Reporting.Api", "Reporting.Api\Reporting.Api.csproj", "{49FD4528-D5E9-4E23-818F-D43ED968C11D}"
EndProject
Project("{2150E333-8FDC-42A3-9474-1A3956D46DE8}") = "src", "src", "{54904EB7-75EA-4C8A-BD70-C6E87FABF1F3}"
EndProject
Project("{9A19103F-16F7-4668-BE54-9A1E7A4F7556}") = "Shared", "Shared\Shared.csproj", "{7A240EDD-880A-4815-B2D4-0974100F3966}"
EndProject
Project("{2150E333-8FDC-42A3-9474-1A3956D46DE8}") = "test", "test", "{12432B16-7449-4CFA-9B0E-0454837135BF}"
EndProject
Project("{2150E333-8FDC-42A3-9474-1A3956D46DE8}") = "test", "test", "{98A321B9-B6E3-47AF-B7C0-CEEDA74C4DF9}"
EndProject
Global
	GlobalSection(SolutionConfigurationPlatforms) = preSolution
		Debug|Any CPU = Debug|Any CPU
		Release|Any CPU = Release|Any CPU
	EndGlobalSection
	GlobalSection(ProjectConfigurationPlatforms) = postSolution
		{D5E70205-18C6-4D92-AC81-46FF3894BC90}.Debug|Any CPU.ActiveCfg = Debug|Any CPU
		{D5E70205-18C6-4D92-AC81-46FF3894BC90}.Debug|Any CPU.Build.0 = Debug|Any CPU
		{D5E70205-18C6-4D92-AC81-46FF3894BC90}.Release|Any CPU.ActiveCfg = Release|Any CPU
		{D5E70205-18C6-4D92-AC81-46FF3894BC90}.Release|Any CPU.Build.0 = Release|Any CPU
		{80E10E3B-9D6B-4B3E-B368-750895A90973}.Debug|Any CPU.ActiveCfg = Debug|Any CPU
		{80E10E3B-9D6B-4B3E-B368-750895A90973}.Debug|Any CPU.Build.0 = Debug|Any CPU
		{80E10E3B-9D6B-4B3E-B368-750895A90973}.Release|Any CPU.ActiveCfg = Release|Any CPU
		{80E10E3B-9D6B-4B3E-B368-750895A90973}.Release|Any CPU.Build.0 = Release|Any CPU
		{49FD4528-D5E9-4E23-818F-D43ED968C11D}.Debug|Any CPU.ActiveCfg = Debug|Any CPU
		{49FD4528-D5E9-4E23-818F-D43ED968C11D}.Debug|Any CPU.Build.0 = Debug|Any CPU
		{49FD4528-D5E9-4E23-818F-D43ED968C11D}.Release|Any CPU.ActiveCfg = Release|Any CPU
		{49FD4528-D5E9-4E23-818F-D43ED968C11D}.Release|Any CPU.Build.0 = Release|Any CPU
		{7A240EDD-880A-4815-B2D4-0974100F3966}.Debug|Any CPU.ActiveCfg = Debug|Any CPU
		{7A240EDD-880A-4815-B2D4-0974100F3966}.Debug|Any CPU.Build.0 = Debug|Any CPU
		{7A240EDD-880A-4815-B2D4-0974100F3966}.Release|Any CPU.ActiveCfg = Release|Any CPU
		{7A240EDD-880A-4815-B2D4-0974100F3966}.Release|Any CPU.Build.0 = Release|Any CPU
	EndGlobalSection
	GlobalSection(SolutionProperties) = preSolution
		HideSolutionNode = FALSE
	EndGlobalSection
	GlobalSection(NestedProjects) = preSolution
		{81A182EF-E7C4-4824-9799-D40A7E3BA1AB} = {F7EA9931-3CBD-46FC-9313-DEA5FD774C8D}
		{D5E70205-18C6-4D92-AC81-46FF3894BC90} = {81A182EF-E7C4-4824-9799-D40A7E3BA1AB}
		{2DD361A7-E972-420E-8E1F-CD17B2DE2EC0} = {2A5F5FA2-4FA8-4585-833E-760E6BC75D6C}
		{1778FF3F-7CCB-40CB-B64E-60E7E385C391} = {9F538A98-65CF-405A-9775-AA84832A8E1F}
		{80E10E3B-9D6B-4B3E-B368-750895A90973} = {2DD361A7-E972-420E-8E1F-CD17B2DE2EC0}
		{49FD4528-D5E9-4E23-818F-D43ED968C11D} = {1778FF3F-7CCB-40CB-B64E-60E7E385C391}
		{54904EB7-75EA-4C8A-BD70-C6E87FABF1F3} = {694F9D36-8F8D-4134-97BD-356F7EF0C0F5}
		{7A240EDD-880A-4815-B2D4-0974100F3966} = {54904EB7-75EA-4C8A-BD70-C6E87FABF1F3}
		{12432B16-7449-4CFA-9B0E-0454837135BF} = {2A5F5FA2-4FA8-4585-833E-760E6BC75D6C}
		{98A321B9-B6E3-47AF-B7C0-CEEDA74C4DF9} = {9F538A98-65CF-405A-9775-AA84832A8E1F}
	EndGlobalSection
	GlobalSection(ExtensibilityGlobals) = postSolution
		SolutionGuid = {8B9A3F45-F86E-4BCA-A08F-E8BCBBC294BA}
	EndGlobalSection
EndGlobal
